
Microsoft Visual Studio Solution File, Format Version 12.00
# Visual Studio Version 17
VisualStudioVersion = 17.7.34003.232
MinimumVisualStudioVersion = 10.0.40219.1
Project("{FAE04EC0-301F-11D3-BF4B-00C04F79EFBC}") = "StaffSaitOrhan", "StaffSaitOrhan\StaffSaitOrhan.csproj", "{726A48D1-AE1B-4151-8D86-0B48A792E11B}"
EndProject
Global
	GlobalSection(SolutionConfigurationPlatforms) = preSolution
		Debug|Any CPU = Debug|Any CPU
		Release|Any CPU = Release|Any CPU
	EndGlobalSection
	GlobalSection(ProjectConfigurationPlatforms) = postSolution
		{726A48D1-AE1B-4151-8D86-0B48A792E11B}.Debug|Any CPU.ActiveCfg = Debug|Any CPU
		{726A48D1-AE1B-4151-8D86-0B48A792E11B}.Debug|Any CPU.Build.0 = Debug|Any CPU
		{726A48D1-AE1B-4151-8D86-0B48A792E11B}.Release|Any CPU.ActiveCfg = Release|Any CPU
		{726A48D1-AE1B-4151-8D86-0B48A792E11B}.Release|Any CPU.Build.0 = Release|Any CPU
	EndGlobalSection
	GlobalSection(SolutionProperties) = preSolution
		HideSolutionNode = FALSE
	EndGlobalSection
	GlobalSection(ExtensibilityGlobals) = postSolution
		SolutionGuid = {CF393D4D-460B-4716-9C55-BF64053741F5}
	EndGlobalSection
EndGlobal
